// !$*UTF8*$!
{
	archiveVersion = 1;
	classes = {
	};
	objectVersion = 55;
	objects = {

/* Begin PBXBuildFile section */
		1A14E0582724548600D155D1 /* Tests_iOS.swift in Sources */ = {isa = PBXBuildFile; fileRef = 1A14E0572724548600D155D1 /* Tests_iOS.swift */; };
		1A14E0642724548600D155D1 /* Tests_macOS.swift in Sources */ = {isa = PBXBuildFile; fileRef = 1A14E0632724548600D155D1 /* Tests_macOS.swift */; };
		1A14E0672724548600D155D1 /* NotesApp.swift in Sources */ = {isa = PBXBuildFile; fileRef = 1A14E03F2724548600D155D1 /* NotesApp.swift */; };
		1A14E0682724548600D155D1 /* NotesApp.swift in Sources */ = {isa = PBXBuildFile; fileRef = 1A14E03F2724548600D155D1 /* NotesApp.swift */; };
		1A14E0692724548600D155D1 /* ContentView.swift in Sources */ = {isa = PBXBuildFile; fileRef = 1A14E0402724548600D155D1 /* ContentView.swift */; };
		1A14E06A2724548600D155D1 /* ContentView.swift in Sources */ = {isa = PBXBuildFile; fileRef = 1A14E0402724548600D155D1 /* ContentView.swift */; };
		1A14E06B2724548600D155D1 /* Assets.xcassets in Resources */ = {isa = PBXBuildFile; fileRef = 1A14E0412724548600D155D1 /* Assets.xcassets */; };
		1A14E06C2724548600D155D1 /* Assets.xcassets in Resources */ = {isa = PBXBuildFile; fileRef = 1A14E0412724548600D155D1 /* Assets.xcassets */; };
		1A14E07E2724556E00D155D1 /* HomeView.swift in Sources */ = {isa = PBXBuildFile; fileRef = 1A14E07D2724556E00D155D1 /* HomeView.swift */; };
		1A14E07F2724556E00D155D1 /* HomeView.swift in Sources */ = {isa = PBXBuildFile; fileRef = 1A14E07D2724556E00D155D1 /* HomeView.swift */; };
		1A14E08227245EBC00D155D1 /* Note.swift in Sources */ = {isa = PBXBuildFile; fileRef = 1A14E08127245EBC00D155D1 /* Note.swift */; };
		1A14E08327245EBC00D155D1 /* Note.swift in Sources */ = {isa = PBXBuildFile; fileRef = 1A14E08127245EBC00D155D1 /* Note.swift */; };
		1A14E0852724642000D155D1 /* BlurView.swift in Sources */ = {isa = PBXBuildFile; fileRef = 1A14E0842724642000D155D1 /* BlurView.swift */; };
/* End PBXBuildFile section */

/* Begin PBXContainerItemProxy section */
		1A14E0542724548600D155D1 /* PBXContainerItemProxy */ = {
			isa = PBXContainerItemProxy;
			containerPortal = 1A14E03A2724548600D155D1 /* Project object */;
			proxyType = 1;
			remoteGlobalIDString = 1A14E0452724548600D155D1;
			remoteInfo = "Notes (iOS)";
		};
		1A14E0602724548600D155D1 /* PBXContainerItemProxy */ = {
			isa = PBXContainerItemProxy;
			containerPortal = 1A14E03A2724548600D155D1 /* Project object */;
			proxyType = 1;
			remoteGlobalIDString = 1A14E04B2724548600D155D1;
			remoteInfo = "Notes (macOS)";
		};
/* End PBXContainerItemProxy section */

/* Begin PBXFileReference section */
		1A14E03F2724548600D155D1 /* NotesApp.swift */ = {isa = PBXFileReference; lastKnownFileType = sourcecode.swift; path = NotesApp.swift; sourceTree = "<group>"; };
		1A14E0402724548600D155D1 /* ContentView.swift */ = {isa = PBXFileReference; lastKnownFileType = sourcecode.swift; path = ContentView.swift; sourceTree = "<group>"; };
		1A14E0412724548600D155D1 /* Assets.xcassets */ = {isa = PBXFileReference; lastKnownFileType = folder.assetcatalog; path = Assets.xcassets; sourceTree = "<group>"; };
		1A14E0462724548600D155D1 /* Notes.app */ = {isa = PBXFileReference; explicitFileType = wrapper.application; includeInIndex = 0; path = Notes.app; sourceTree = BUILT_PRODUCTS_DIR; };
		1A14E04C2724548600D155D1 /* Notes.app */ = {isa = PBXFileReference; explicitFileType = wrapper.application; includeInIndex = 0; path = Notes.app; sourceTree = BUILT_PRODUCTS_DIR; };
		1A14E04E2724548600D155D1 /* macOS.entitlements */ = {isa = PBXFileReference; lastKnownFileType = text.plist.entitlements; path = macOS.entitlements; sourceTree = "<group>"; };
		1A14E0532724548600D155D1 /* Tests iOS.xctest */ = {isa = PBXFileReference; explicitFileType = wrapper.cfbundle; includeInIndex = 0; path = "Tests iOS.xctest"; sourceTree = BUILT_PRODUCTS_DIR; };
		1A14E0572724548600D155D1 /* Tests_iOS.swift */ = {isa = PBXFileReference; lastKnownFileType = sourcecode.swift; path = Tests_iOS.swift; sourceTree = "<group>"; };
		1A14E05F2724548600D155D1 /* Tests macOS.xctest */ = {isa = PBXFileReference; explicitFileType = wrapper.cfbundle; includeInIndex = 0; path = "Tests macOS.xctest"; sourceTree = BUILT_PRODUCTS_DIR; };
		1A14E0632724548600D155D1 /* Tests_macOS.swift */ = {isa = PBXFileReference; lastKnownFileType = sourcecode.swift; path = Tests_macOS.swift; sourceTree = "<group>"; };
		1A14E07D2724556E00D155D1 /* HomeView.swift */ = {isa = PBXFileReference; lastKnownFileType = sourcecode.swift; path = HomeView.swift; sourceTree = "<group>"; };
		1A14E08127245EBC00D155D1 /* Note.swift */ = {isa = PBXFileReference; lastKnownFileType = sourcecode.swift; path = Note.swift; sourceTree = "<group>"; };
		1A14E0842724642000D155D1 /* BlurView.swift */ = {isa = PBXFileReference; lastKnownFileType = sourcecode.swift; path = BlurView.swift; sourceTree = "<group>"; };
/* End PBXFileReference section */

/* Begin PBXFrameworksBuildPhase section */
		1A14E0432724548600D155D1 /* Frameworks */ = {
			isa = PBXFrameworksBuildPhase;
			buildActionMask = 2147483647;
			files = (
			);
			runOnlyForDeploymentPostprocessing = 0;
		};
		1A14E0492724548600D155D1 /* Frameworks */ = {
			isa = PBXFrameworksBuildPhase;
			buildActionMask = 2147483647;
			files = (
			);
			runOnlyForDeploymentPostprocessing = 0;
		};
		1A14E0502724548600D155D1 /* Frameworks */ = {
			isa = PBXFrameworksBuildPhase;
			buildActionMask = 2147483647;
			files = (
			);
			runOnlyForDeploymentPostprocessing = 0;
		};
		1A14E05C2724548600D155D1 /* Frameworks */ = {
			isa = PBXFrameworksBuildPhase;
			buildActionMask = 2147483647;
			files = (
			);
			runOnlyForDeploymentPostprocessing = 0;
		};
/* End PBXFrameworksBuildPhase section */

/* Begin PBXGroup section */
		1A14E0392724548600D155D1 = {
			isa = PBXGroup;
			children = (
				1A14E03E2724548600D155D1 /* Shared */,
				1A14E04D2724548600D155D1 /* macOS */,
				1A14E0562724548600D155D1 /* Tests iOS */,
				1A14E0622724548600D155D1 /* Tests macOS */,
				1A14E0472724548600D155D1 /* Products */,
			);
			sourceTree = "<group>";
		};
		1A14E03E2724548600D155D1 /* Shared */ = {
			isa = PBXGroup;
			children = (
				1A14E08027245EAA00D155D1 /* Models */,
				1A14E07B272454B100D155D1 /* App */,
				1A14E07C272454B700D155D1 /* Views */,
				1A14E0412724548600D155D1 /* Assets.xcassets */,
			);
			path = Shared;
			sourceTree = "<group>";
		};
		1A14E0472724548600D155D1 /* Products */ = {
			isa = PBXGroup;
			children = (
				1A14E0462724548600D155D1 /* Notes.app */,
				1A14E04C2724548600D155D1 /* Notes.app */,
				1A14E0532724548600D155D1 /* Tests iOS.xctest */,
				1A14E05F2724548600D155D1 /* Tests macOS.xctest */,
			);
			name = Products;
			sourceTree = "<group>";
		};
		1A14E04D2724548600D155D1 /* macOS */ = {
			isa = PBXGroup;
			children = (
				1A14E04E2724548600D155D1 /* macOS.entitlements */,
			);
			path = macOS;
			sourceTree = "<group>";
		};
		1A14E0562724548600D155D1 /* Tests iOS */ = {
			isa = PBXGroup;
			children = (
				1A14E0572724548600D155D1 /* Tests_iOS.swift */,
			);
			path = "Tests iOS";
			sourceTree = "<group>";
		};
		1A14E0622724548600D155D1 /* Tests macOS */ = {
			isa = PBXGroup;
			children = (
				1A14E0632724548600D155D1 /* Tests_macOS.swift */,
			);
			path = "Tests macOS";
			sourceTree = "<group>";
		};
		1A14E07B272454B100D155D1 /* App */ = {
			isa = PBXGroup;
			children = (
				1A14E03F2724548600D155D1 /* NotesApp.swift */,
			);
			path = App;
			sourceTree = "<group>";
		};
		1A14E07C272454B700D155D1 /* Views */ = {
			isa = PBXGroup;
			children = (
				1A14E0402724548600D155D1 /* ContentView.swift */,
				1A14E07D2724556E00D155D1 /* HomeView.swift */,
				1A14E0842724642000D155D1 /* BlurView.swift */,
			);
			path = Views;
			sourceTree = "<group>";
		};
		1A14E08027245EAA00D155D1 /* Models */ = {
			isa = PBXGroup;
			children = (
				1A14E08127245EBC00D155D1 /* Note.swift */,
			);
			path = Models;
			sourceTree = "<group>";
		};
/* End PBXGroup section */

/* Begin PBXNativeTarget section */
		1A14E0452724548600D155D1 /* Notes (iOS) */ = {
			isa = PBXNativeTarget;
			buildConfigurationList = 1A14E06F2724548600D155D1 /* Build configuration list for PBXNativeTarget "Notes (iOS)" */;
			buildPhases = (
				1A14E0422724548600D155D1 /* Sources */,
				1A14E0432724548600D155D1 /* Frameworks */,
				1A14E0442724548600D155D1 /* Resources */,
			);
			buildRules = (
			);
			dependencies = (
			);
			name = "Notes (iOS)";
			productName = "Notes (iOS)";
			productReference = 1A14E0462724548600D155D1 /* Notes.app */;
			productType = "com.apple.product-type.application";
		};
		1A14E04B2724548600D155D1 /* Notes (macOS) */ = {
			isa = PBXNativeTarget;
			buildConfigurationList = 1A14E0722724548600D155D1 /* Build configuration list for PBXNativeTarget "Notes (macOS)" */;
			buildPhases = (
				1A14E0482724548600D155D1 /* Sources */,
				1A14E0492724548600D155D1 /* Frameworks */,
				1A14E04A2724548600D155D1 /* Resources */,
			);
			buildRules = (
			);
			dependencies = (
			);
			name = "Notes (macOS)";
			productName = "Notes (macOS)";
			productReference = 1A14E04C2724548600D155D1 /* Notes.app */;
			productType = "com.apple.product-type.application";
		};
		1A14E0522724548600D155D1 /* Tests iOS */ = {
			isa = PBXNativeTarget;
			buildConfigurationList = 1A14E0752724548600D155D1 /* Build configuration list for PBXNativeTarget "Tests iOS" */;
			buildPhases = (
				1A14E04F2724548600D155D1 /* Sources */,
				1A14E0502724548600D155D1 /* Frameworks */,
				1A14E0512724548600D155D1 /* Resources */,
			);
			buildRules = (
			);
			dependencies = (
				1A14E0552724548600D155D1 /* PBXTargetDependency */,
			);
			name = "Tests iOS";
			productName = "Tests iOS";
			productReference = 1A14E0532724548600D155D1 /* Tests iOS.xctest */;
			productType = "com.apple.product-type.bundle.ui-testing";
		};
		1A14E05E2724548600D155D1 /* Tests macOS */ = {
			isa = PBXNativeTarget;
			buildConfigurationList = 1A14E0782724548600D155D1 /* Build configuration list for PBXNativeTarget "Tests macOS" */;
			buildPhases = (
				1A14E05B2724548600D155D1 /* Sources */,
				1A14E05C2724548600D155D1 /* Frameworks */,
				1A14E05D2724548600D155D1 /* Resources */,
			);
			buildRules = (
			);
			dependencies = (
				1A14E0612724548600D155D1 /* PBXTargetDependency */,
			);
			name = "Tests macOS";
			productName = "Tests macOS";
			productReference = 1A14E05F2724548600D155D1 /* Tests macOS.xctest */;
			productType = "com.apple.product-type.bundle.ui-testing";
		};
/* End PBXNativeTarget section */

/* Begin PBXProject section */
		1A14E03A2724548600D155D1 /* Project object */ = {
			isa = PBXProject;
			attributes = {
				BuildIndependentTargetsInParallel = 1;
				LastSwiftUpdateCheck = 1300;
				LastUpgradeCheck = 1300;
				TargetAttributes = {
					1A14E0452724548600D155D1 = {
						CreatedOnToolsVersion = 13.0;
					};
					1A14E04B2724548600D155D1 = {
						CreatedOnToolsVersion = 13.0;
					};
					1A14E0522724548600D155D1 = {
						CreatedOnToolsVersion = 13.0;
						TestTargetID = 1A14E0452724548600D155D1;
					};
					1A14E05E2724548600D155D1 = {
						CreatedOnToolsVersion = 13.0;
						TestTargetID = 1A14E04B2724548600D155D1;
					};
				};
			};
			buildConfigurationList = 1A14E03D2724548600D155D1 /* Build configuration list for PBXProject "Notes" */;
			compatibilityVersion = "Xcode 13.0";
			developmentRegion = en;
			hasScannedForEncodings = 0;
			knownRegions = (
				en,
				Base,
			);
			mainGroup = 1A14E0392724548600D155D1;
			productRefGroup = 1A14E0472724548600D155D1 /* Products */;
			projectDirPath = "";
			projectRoot = "";
			targets = (
				1A14E0452724548600D155D1 /* Notes (iOS) */,
				1A14E04B2724548600D155D1 /* Notes (macOS) */,
				1A14E0522724548600D155D1 /* Tests iOS */,
				1A14E05E2724548600D155D1 /* Tests macOS */,
			);
		};
/* End PBXProject section */

/* Begin PBXResourcesBuildPhase section */
		1A14E0442724548600D155D1 /* Resources */ = {
			isa = PBXResourcesBuildPhase;
			buildActionMask = 2147483647;
			files = (
				1A14E06B2724548600D155D1 /* Assets.xcassets in Resources */,
			);
			runOnlyForDeploymentPostprocessing = 0;
		};
		1A14E04A2724548600D155D1 /* Resources */ = {
			isa = PBXResourcesBuildPhase;
			buildActionMask = 2147483647;
			files = (
				1A14E06C2724548600D155D1 /* Assets.xcassets in Resources */,
			);
			runOnlyForDeploymentPostprocessing = 0;
		};
		1A14E0512724548600D155D1 /* Resources */ = {
			isa = PBXResourcesBuildPhase;
			buildActionMask = 2147483647;
			files = (
			);
			runOnlyForDeploymentPostprocessing = 0;
		};
		1A14E05D2724548600D155D1 /* Resources */ = {
			isa = PBXResourcesBuildPhase;
			buildActionMask = 2147483647;
			files = (
			);
			runOnlyForDeploymentPostprocessing = 0;
		};
/* End PBXResourcesBuildPhase section */

/* Begin PBXSourcesBuildPhase section */
		1A14E0422724548600D155D1 /* Sources */ = {
			isa = PBXSourcesBuildPhase;
			buildActionMask = 2147483647;
			files = (
				1A14E07E2724556E00D155D1 /* HomeView.swift in Sources */,
				1A14E0692724548600D155D1 /* ContentView.swift in Sources */,
				1A14E0852724642000D155D1 /* BlurView.swift in Sources */,
				1A14E0672724548600D155D1 /* NotesApp.swift in Sources */,
				1A14E08227245EBC00D155D1 /* Note.swift in Sources */,
			);
			runOnlyForDeploymentPostprocessing = 0;
		};
		1A14E0482724548600D155D1 /* Sources */ = {
			isa = PBXSourcesBuildPhase;
			buildActionMask = 2147483647;
			files = (
				1A14E07F2724556E00D155D1 /* HomeView.swift in Sources */,
				1A14E06A2724548600D155D1 /* ContentView.swift in Sources */,
				1A14E0682724548600D155D1 /* NotesApp.swift in Sources */,
				1A14E08327245EBC00D155D1 /* Note.swift in Sources */,
			);
			runOnlyForDeploymentPostprocessing = 0;
		};
		1A14E04F2724548600D155D1 /* Sources */ = {
			isa = PBXSourcesBuildPhase;
			buildActionMask = 2147483647;
			files = (
				1A14E0582724548600D155D1 /* Tests_iOS.swift in Sources */,
			);
			runOnlyForDeploymentPostprocessing = 0;
		};
		1A14E05B2724548600D155D1 /* Sources */ = {
			isa = PBXSourcesBuildPhase;
			buildActionMask = 2147483647;
			files = (
				1A14E0642724548600D155D1 /* Tests_macOS.swift in Sources */,
			);
			runOnlyForDeploymentPostprocessing = 0;
		};
/* End PBXSourcesBuildPhase section */

/* Begin PBXTargetDependency section */
		1A14E0552724548600D155D1 /* PBXTargetDependency */ = {
			isa = PBXTargetDependency;
			target = 1A14E0452724548600D155D1 /* Notes (iOS) */;
			targetProxy = 1A14E0542724548600D155D1 /* PBXContainerItemProxy */;
		};
		1A14E0612724548600D155D1 /* PBXTargetDependency */ = {
			isa = PBXTargetDependency;
			target = 1A14E04B2724548600D155D1 /* Notes (macOS) */;
			targetProxy = 1A14E0602724548600D155D1 /* PBXContainerItemProxy */;
		};
/* End PBXTargetDependency section */

/* Begin XCBuildConfiguration section */
		1A14E06D2724548600D155D1 /* Debug */ = {
			isa = XCBuildConfiguration;
			buildSettings = {
				ALWAYS_SEARCH_USER_PATHS = NO;
				CLANG_ANALYZER_NONNULL = YES;
				CLANG_ANALYZER_NUMBER_OBJECT_CONVERSION = YES_AGGRESSIVE;
				CLANG_CXX_LANGUAGE_STANDARD = "gnu++17";
				CLANG_CXX_LIBRARY = "libc++";
				CLANG_ENABLE_MODULES = YES;
				CLANG_ENABLE_OBJC_ARC = YES;
				CLANG_ENABLE_OBJC_WEAK = YES;
				CLANG_WARN_BLOCK_CAPTURE_AUTORELEASING = YES;
				CLANG_WARN_BOOL_CONVERSION = YES;
				CLANG_WARN_COMMA = YES;
				CLANG_WARN_CONSTANT_CONVERSION = YES;
				CLANG_WARN_DEPRECATED_OBJC_IMPLEMENTATIONS = YES;
				CLANG_WARN_DIRECT_OBJC_ISA_USAGE = YES_ERROR;
				CLANG_WARN_DOCUMENTATION_COMMENTS = YES;
				CLANG_WARN_EMPTY_BODY = YES;
				CLANG_WARN_ENUM_CONVERSION = YES;
				CLANG_WARN_INFINITE_RECURSION = YES;
				CLANG_WARN_INT_CONVERSION = YES;
				CLANG_WARN_NON_LITERAL_NULL_CONVERSION = YES;
				CLANG_WARN_OBJC_IMPLICIT_RETAIN_SELF = YES;
				CLANG_WARN_OBJC_LITERAL_CONVERSION = YES;
				CLANG_WARN_OBJC_ROOT_CLASS = YES_ERROR;
				CLANG_WARN_QUOTED_INCLUDE_IN_FRAMEWORK_HEADER = YES;
				CLANG_WARN_RANGE_LOOP_ANALYSIS = YES;
				CLANG_WARN_STRICT_PROTOTYPES = YES;
				CLANG_WARN_SUSPICIOUS_MOVE = YES;
				CLANG_WARN_UNGUARDED_AVAILABILITY = YES_AGGRESSIVE;
				CLANG_WARN_UNREACHABLE_CODE = YES;
				CLANG_WARN__DUPLICATE_METHOD_MATCH = YES;
				COPY_PHASE_STRIP = NO;
				DEBUG_INFORMATION_FORMAT = dwarf;
				ENABLE_STRICT_OBJC_MSGSEND = YES;
				ENABLE_TESTABILITY = YES;
				GCC_C_LANGUAGE_STANDARD = gnu11;
				GCC_DYNAMIC_NO_PIC = NO;
				GCC_NO_COMMON_BLOCKS = YES;
				GCC_OPTIMIZATION_LEVEL = 0;
				GCC_PREPROCESSOR_DEFINITIONS = (
					"DEBUG=1",
					"$(inherited)",
				);
				GCC_WARN_64_TO_32_BIT_CONVERSION = YES;
				GCC_WARN_ABOUT_RETURN_TYPE = YES_ERROR;
				GCC_WARN_UNDECLARED_SELECTOR = YES;
				GCC_WARN_UNINITIALIZED_AUTOS = YES_AGGRESSIVE;
				GCC_WARN_UNUSED_FUNCTION = YES;
				GCC_WARN_UNUSED_VARIABLE = YES;
				MTL_ENABLE_DEBUG_INFO = INCLUDE_SOURCE;
				MTL_FAST_MATH = YES;
				ONLY_ACTIVE_ARCH = YES;
				SWIFT_ACTIVE_COMPILATION_CONDITIONS = DEBUG;
				SWIFT_OPTIMIZATION_LEVEL = "-Onone";
			};
			name = Debug;
		};
		1A14E06E2724548600D155D1 /* Release */ = {
			isa = XCBuildConfiguration;
			buildSettings = {
				ALWAYS_SEARCH_USER_PATHS = NO;
				CLANG_ANALYZER_NONNULL = YES;
				CLANG_ANALYZER_NUMBER_OBJECT_CONVERSION = YES_AGGRESSIVE;
				CLANG_CXX_LANGUAGE_STANDARD = "gnu++17";
				CLANG_CXX_LIBRARY = "libc++";
				CLANG_ENABLE_MODULES = YES;
				CLANG_ENABLE_OBJC_ARC = YES;
				CLANG_ENABLE_OBJC_WEAK = YES;
				CLANG_WARN_BLOCK_CAPTURE_AUTORELEASING = YES;
				CLANG_WARN_BOOL_CONVERSION = YES;
				CLANG_WARN_COMMA = YES;
				CLANG_WARN_CONSTANT_CONVERSION = YES;
				CLANG_WARN_DEPRECATED_OBJC_IMPLEMENTATIONS = YES;
				CLANG_WARN_DIRECT_OBJC_ISA_USAGE = YES_ERROR;
				CLANG_WARN_DOCUMENTATION_COMMENTS = YES;
				CLANG_WARN_EMPTY_BODY = YES;
				CLANG_WARN_ENUM_CONVERSION = YES;
				CLANG_WARN_INFINITE_RECURSION = YES;
				CLANG_WARN_INT_CONVERSION = YES;
				CLANG_WARN_NON_LITERAL_NULL_CONVERSION = YES;
				CLANG_WARN_OBJC_IMPLICIT_RETAIN_SELF = YES;
				CLANG_WARN_OBJC_LITERAL_CONVERSION = YES;
				CLANG_WARN_OBJC_ROOT_CLASS = YES_ERROR;
				CLANG_WARN_QUOTED_INCLUDE_IN_FRAMEWORK_HEADER = YES;
				CLANG_WARN_RANGE_LOOP_ANALYSIS = YES;
				CLANG_WARN_STRICT_PROTOTYPES = YES;
				CLANG_WARN_SUSPICIOUS_MOVE = YES;
				CLANG_WARN_UNGUARDED_AVAILABILITY = YES_AGGRESSIVE;
				CLANG_WARN_UNREACHABLE_CODE = YES;
				CLANG_WARN__DUPLICATE_METHOD_MATCH = YES;
				COPY_PHASE_STRIP = NO;
				DEBUG_INFORMATION_FORMAT = "dwarf-with-dsym";
				ENABLE_NS_ASSERTIONS = NO;
				ENABLE_STRICT_OBJC_MSGSEND = YES;
				GCC_C_LANGUAGE_STANDARD = gnu11;
				GCC_NO_COMMON_BLOCKS = YES;
				GCC_WARN_64_TO_32_BIT_CONVERSION = YES;
				GCC_WARN_ABOUT_RETURN_TYPE = YES_ERROR;
				GCC_WARN_UNDECLARED_SELECTOR = YES;
				GCC_WARN_UNINITIALIZED_AUTOS = YES_AGGRESSIVE;
				GCC_WARN_UNUSED_FUNCTION = YES;
				GCC_WARN_UNUSED_VARIABLE = YES;
				MTL_ENABLE_DEBUG_INFO = NO;
				MTL_FAST_MATH = YES;
				SWIFT_COMPILATION_MODE = wholemodule;
				SWIFT_OPTIMIZATION_LEVEL = "-O";
			};
			name = Release;
		};
		1A14E0702724548600D155D1 /* Debug */ = {
			isa = XCBuildConfiguration;
			buildSettings = {
				ASSETCATALOG_COMPILER_APPICON_NAME = AppIcon;
				ASSETCATALOG_COMPILER_GLOBAL_ACCENT_COLOR_NAME = AccentColor;
				CODE_SIGN_STYLE = Automatic;
				CURRENT_PROJECT_VERSION = 1;
				ENABLE_PREVIEWS = YES;
				GENERATE_INFOPLIST_FILE = YES;
				INFOPLIST_KEY_UIApplicationSceneManifest_Generation = YES;
				INFOPLIST_KEY_UIApplicationSupportsIndirectInputEvents = YES;
				INFOPLIST_KEY_UILaunchScreen_Generation = YES;
				INFOPLIST_KEY_UISupportedInterfaceOrientations_iPad = "UIInterfaceOrientationPortrait UIInterfaceOrientationPortraitUpsideDown UIInterfaceOrientationLandscapeLeft UIInterfaceOrientationLandscapeRight";
				INFOPLIST_KEY_UISupportedInterfaceOrientations_iPhone = "UIInterfaceOrientationPortrait UIInterfaceOrientationLandscapeLeft UIInterfaceOrientationLandscapeRight";
				IPHONEOS_DEPLOYMENT_TARGET = 14.0;
				LD_RUNPATH_SEARCH_PATHS = (
					"$(inherited)",
					"@executable_path/Frameworks",
				);
				MARKETING_VERSION = 1.0;
				PRODUCT_BUNDLE_IDENTIFIER = com.djuroalfirevic.Notes;
				PRODUCT_NAME = Notes;
				SDKROOT = iphoneos;
				SWIFT_EMIT_LOC_STRINGS = YES;
				SWIFT_VERSION = 5.0;
				TARGETED_DEVICE_FAMILY = "1,2";
			};
			name = Debug;
		};
		1A14E0712724548600D155D1 /* Release */ = {
			isa = XCBuildConfiguration;
			buildSettings = {
				ASSETCATALOG_COMPILER_APPICON_NAME = AppIcon;
				ASSETCATALOG_COMPILER_GLOBAL_ACCENT_COLOR_NAME = AccentColor;
				CODE_SIGN_STYLE = Automatic;
				CURRENT_PROJECT_VERSION = 1;
				ENABLE_PREVIEWS = YES;
				GENERATE_INFOPLIST_FILE = YES;
				INFOPLIST_KEY_UIApplicationSceneManifest_Generation = YES;
				INFOPLIST_KEY_UIApplicationSupportsIndirectInputEvents = YES;
				INFOPLIST_KEY_UILaunchScreen_Generation = YES;
				INFOPLIST_KEY_UISupportedInterfaceOrientations_iPad = "UIInterfaceOrientationPortrait UIInterfaceOrientationPortraitUpsideDown UIInterfaceOrientationLandscapeLeft UIInterfaceOrientationLandscapeRight";
				INFOPLIST_KEY_UISupportedInterfaceOrientations_iPhone = "UIInterfaceOrientationPortrait UIInterfaceOrientationLandscapeLeft UIInterfaceOrientationLandscapeRight";
				IPHONEOS_DEPLOYMENT_TARGET = 14.0;
				LD_RUNPATH_SEARCH_PATHS = (
					"$(inherited)",
					"@executable_path/Frameworks",
				);
				MARKETING_VERSION = 1.0;
				PRODUCT_BUNDLE_IDENTIFIER = com.djuroalfirevic.Notes;
				PRODUCT_NAME = Notes;
				SDKROOT = iphoneos;
				SWIFT_EMIT_LOC_STRINGS = YES;
				SWIFT_VERSION = 5.0;
				TARGETED_DEVICE_FAMILY = "1,2";
				VALIDATE_PRODUCT = YES;
			};
			name = Release;
		};
		1A14E0732724548600D155D1 /* Debug */ = {
			isa = XCBuildConfiguration;
			buildSettings = {
				ASSETCATALOG_COMPILER_APPICON_NAME = AppIcon;
				ASSETCATALOG_COMPILER_GLOBAL_ACCENT_COLOR_NAME = AccentColor;
				CODE_SIGN_ENTITLEMENTS = macOS/macOS.entitlements;
				CODE_SIGN_STYLE = Automatic;
				COMBINE_HIDPI_IMAGES = YES;
				CURRENT_PROJECT_VERSION = 1;
				ENABLE_PREVIEWS = YES;
				GENERATE_INFOPLIST_FILE = YES;
				INFOPLIST_KEY_NSHumanReadableCopyright = "";
				LD_RUNPATH_SEARCH_PATHS = (
					"$(inherited)",
					"@executable_path/../Frameworks",
				);
				MACOSX_DEPLOYMENT_TARGET = 11.0;
				MARKETING_VERSION = 1.0;
				PRODUCT_BUNDLE_IDENTIFIER = com.djuroalfirevic.Notes;
				PRODUCT_NAME = Notes;
				SDKROOT = macosx;
				SWIFT_EMIT_LOC_STRINGS = YES;
				SWIFT_VERSION = 5.0;
			};
			name = Debug;
		};
		1A14E0742724548600D155D1 /* Release */ = {
			isa = XCBuildConfiguration;
			buildSettings = {
				ASSETCATALOG_COMPILER_APPICON_NAME = AppIcon;
				ASSETCATALOG_COMPILER_GLOBAL_ACCENT_COLOR_NAME = AccentColor;
				CODE_SIGN_ENTITLEMENTS = macOS/macOS.entitlements;
				CODE_SIGN_STYLE = Automatic;
				COMBINE_HIDPI_IMAGES = YES;
				CURRENT_PROJECT_VERSION = 1;
				ENABLE_PREVIEWS = YES;
				GENERATE_INFOPLIST_FILE = YES;
				INFOPLIST_KEY_NSHumanReadableCopyright = "";
				LD_RUNPATH_SEARCH_PATHS = (
					"$(inherited)",
					"@executable_path/../Frameworks",
				);
				MACOSX_DEPLOYMENT_TARGET = 11.0;
				MARKETING_VERSION = 1.0;
				PRODUCT_BUNDLE_IDENTIFIER = com.djuroalfirevic.Notes;
				PRODUCT_NAME = Notes;
				SDKROOT = macosx;
				SWIFT_EMIT_LOC_STRINGS = YES;
				SWIFT_VERSION = 5.0;
			};
			name = Release;
		};
		1A14E0762724548600D155D1 /* Debug */ = {
			isa = XCBuildConfiguration;
			buildSettings = {
				ALWAYS_EMBED_SWIFT_STANDARD_LIBRARIES = YES;
				CODE_SIGN_STYLE = Automatic;
				CURRENT_PROJECT_VERSION = 1;
				GENERATE_INFOPLIST_FILE = YES;
				IPHONEOS_DEPLOYMENT_TARGET = 15.0;
				LD_RUNPATH_SEARCH_PATHS = (
					"$(inherited)",
					"@executable_path/Frameworks",
					"@loader_path/Frameworks",
				);
				MARKETING_VERSION = 1.0;
				PRODUCT_BUNDLE_IDENTIFIER = "com.djuroalfirevic.Tests-iOS";
				PRODUCT_NAME = "$(TARGET_NAME)";
				SDKROOT = iphoneos;
				SWIFT_EMIT_LOC_STRINGS = NO;
				SWIFT_VERSION = 5.0;
				TARGETED_DEVICE_FAMILY = "1,2";
				TEST_TARGET_NAME = "Notes (iOS)";
			};
			name = Debug;
		};
		1A14E0772724548600D155D1 /* Release */ = {
			isa = XCBuildConfiguration;
			buildSettings = {
				ALWAYS_EMBED_SWIFT_STANDARD_LIBRARIES = YES;
				CODE_SIGN_STYLE = Automatic;
				CURRENT_PROJECT_VERSION = 1;
				GENERATE_INFOPLIST_FILE = YES;
				IPHONEOS_DEPLOYMENT_TARGET = 15.0;
				LD_RUNPATH_SEARCH_PATHS = (
					"$(inherited)",
					"@executable_path/Frameworks",
					"@loader_path/Frameworks",
				);
				MARKETING_VERSION = 1.0;
				PRODUCT_BUNDLE_IDENTIFIER = "com.djuroalfirevic.Tests-iOS";
				PRODUCT_NAME = "$(TARGET_NAME)";
				SDKROOT = iphoneos;
				SWIFT_EMIT_LOC_STRINGS = NO;
				SWIFT_VERSION = 5.0;
				TARGETED_DEVICE_FAMILY = "1,2";
				TEST_TARGET_NAME = "Notes (iOS)";
				VALIDATE_PRODUCT = YES;
			};
			name = Release;
		};
		1A14E0792724548600D155D1 /* Debug */ = {
			isa = XCBuildConfiguration;
			buildSettings = {
				ALWAYS_EMBED_SWIFT_STANDARD_LIBRARIES = YES;
				CODE_SIGN_STYLE = Automatic;
				COMBINE_HIDPI_IMAGES = YES;
				CURRENT_PROJECT_VERSION = 1;
				GENERATE_INFOPLIST_FILE = YES;
				LD_RUNPATH_SEARCH_PATHS = (
					"$(inherited)",
					"@executable_path/../Frameworks",
					"@loader_path/../Frameworks",
				);
				MACOSX_DEPLOYMENT_TARGET = 11.3;
				MARKETING_VERSION = 1.0;
				PRODUCT_BUNDLE_IDENTIFIER = "com.djuroalfirevic.Tests-macOS";
				PRODUCT_NAME = "$(TARGET_NAME)";
				SDKROOT = macosx;
				SWIFT_EMIT_LOC_STRINGS = NO;
				SWIFT_VERSION = 5.0;
				TEST_TARGET_NAME = "Notes (macOS)";
			};
			name = Debug;
		};
		1A14E07A2724548600D155D1 /* Release */ = {
			isa = XCBuildConfiguration;
			buildSettings = {
				ALWAYS_EMBED_SWIFT_STANDARD_LIBRARIES = YES;
				CODE_SIGN_STYLE = Automatic;
				COMBINE_HIDPI_IMAGES = YES;
				CURRENT_PROJECT_VERSION = 1;
				GENERATE_INFOPLIST_FILE = YES;
				LD_RUNPATH_SEARCH_PATHS = (
					"$(inherited)",
					"@executable_path/../Frameworks",
					"@loader_path/../Frameworks",
				);
				MACOSX_DEPLOYMENT_TARGET = 11.3;
				MARKETING_VERSION = 1.0;
				PRODUCT_BUNDLE_IDENTIFIER = "com.djuroalfirevic.Tests-macOS";
				PRODUCT_NAME = "$(TARGET_NAME)";
				SDKROOT = macosx;
				SWIFT_EMIT_LOC_STRINGS = NO;
				SWIFT_VERSION = 5.0;
				TEST_TARGET_NAME = "Notes (macOS)";
			};
			name = Release;
		};
/* End XCBuildConfiguration section */

/* Begin XCConfigurationList section */
		1A14E03D2724548600D155D1 /* Build configuration list for PBXProject "Notes" */ = {
			isa = XCConfigurationList;
			buildConfigurations = (
				1A14E06D2724548600D155D1 /* Debug */,
				1A14E06E2724548600D155D1 /* Release */,
			);
			defaultConfigurationIsVisible = 0;
			defaultConfigurationName = Release;
		};
		1A14E06F2724548600D155D1 /* Build configuration list for PBXNativeTarget "Notes (iOS)" */ = {
			isa = XCConfigurationList;
			buildConfigurations = (
				1A14E0702724548600D155D1 /* Debug */,
				1A14E0712724548600D155D1 /* Release */,
			);
			defaultConfigurationIsVisible = 0;
			defaultConfigurationName = Release;
		};
		1A14E0722724548600D155D1 /* Build configuration list for PBXNativeTarget "Notes (macOS)" */ = {
			isa = XCConfigurationList;
			buildConfigurations = (
				1A14E0732724548600D155D1 /* Debug */,
				1A14E0742724548600D155D1 /* Release */,
			);
			defaultConfigurationIsVisible = 0;
			defaultConfigurationName = Release;
		};
		1A14E0752724548600D155D1 /* Build configuration list for PBXNativeTarget "Tests iOS" */ = {
			isa = XCConfigurationList;
			buildConfigurations = (
				1A14E0762724548600D155D1 /* Debug */,
				1A14E0772724548600D155D1 /* Release */,
			);
			defaultConfigurationIsVisible = 0;
			defaultConfigurationName = Release;
		};
		1A14E0782724548600D155D1 /* Build configuration list for PBXNativeTarget "Tests macOS" */ = {
			isa = XCConfigurationList;
			buildConfigurations = (
				1A14E0792724548600D155D1 /* Debug */,
				1A14E07A2724548600D155D1 /* Release */,
			);
			defaultConfigurationIsVisible = 0;
			defaultConfigurationName = Release;
		};
/* End XCConfigurationList section */
	};
	rootObject = 1A14E03A2724548600D155D1 /* Project object */;
}
